
Microsoft Visual Studio Solution File, Format Version 12.00
# Visual Studio Version 17
VisualStudioVersion = 17.11.35327.3
MinimumVisualStudioVersion = 10.0.40219.1
Project("{FAE04EC0-301F-11D3-BF4B-00C04F79EFBC}") = "Loaded", "Loaded.csproj", "{9333812F-062A-4019-9CEF-B6A0D7A02495}"
EndProject
Global
	GlobalSection(SolutionConfigurationPlatforms) = preSolution
		Debug|Any CPU = Debug|Any CPU
		Release|Any CPU = Release|Any CPU
	EndGlobalSection
	GlobalSection(ProjectConfigurationPlatforms) = postSolution
		{9333812F-062A-4019-9CEF-B6A0D7A02495}.Debug|Any CPU.ActiveCfg = Debug|Any CPU
		{9333812F-062A-4019-9CEF-B6A0D7A02495}.Debug|Any CPU.Build.0 = Debug|Any CPU
		{9333812F-062A-4019-9CEF-B6A0D7A02495}.Release|Any CPU.ActiveCfg = Release|Any CPU
		{9333812F-062A-4019-9CEF-B6A0D7A02495}.Release|Any CPU.Build.0 = Release|Any CPU
	EndGlobalSection
	GlobalSection(SolutionProperties) = preSolution
		HideSolutionNode = FALSE
	EndGlobalSection
	GlobalSection(ExtensibilityGlobals) = postSolution
		SolutionGuid = {C3226C20-8F06-4712-B995-BC7F41603D85}
	EndGlobalSection
EndGlobal
